
Microsoft Visual Studio Solution File, Format Version 12.00
# Visual Studio Version 18
VisualStudioVersion = 18.6.11819.183
MinimumVisualStudioVersion = 10.0.40219.1
Project("{FAE04EC0-301F-11D3-BF4B-00C04F79EFBC}") = "AsciiSign", "AsciiSign\AsciiSign.csproj", "{84524AA4-0FEC-4D48-977D-AC0E7B34FE14}"
EndProject
Project("{2150E333-8FDC-42A3-9474-1A3956D46DE8}") = "examples", "examples", "{471E38FD-4850-41EE-8CC1-AD9DA3E51DF8}"
EndProject
Project("{FAE04EC0-301F-11D3-BF4B-00C04F79EFBC}") = "AsciiSignBlazor", "examples\AsciiSignBlazor\AsciiSignBlazor.csproj", "{D2D603E0-E16D-B24D-3221-BAAE7B38C408}"
EndProject
Project("{FAE04EC0-301F-11D3-BF4B-00C04F79EFBC}") = "AsciiSignConsoleApp", "examples\AsciiSignConsoleApp\AsciiSignConsoleApp.csproj", "{6221FCDC-F97F-706C-57EE-E0E82674BE69}"
EndProject
Project("{FAE04EC0-301F-11D3-BF4B-00C04F79EFBC}") = "AsciiSignPDF", "examples\AsciiSignPDF\AsciiSignPDF.csproj", "{FE48153F-EDDB-2610-018C-AC409A958AF9}"
EndProject
Project("{FAE04EC0-301F-11D3-BF4B-00C04F79EFBC}") = "AsciiSignPNG", "examples\AsciiSignPNG\AsciiSignPNG.csproj", "{BC91D2EC-564D-027F-E41B-706AD24C0363}"
EndProject
Project("{FAE04EC0-301F-11D3-BF4B-00C04F79EFBC}") = "AsciiSignWpf", "examples\AsciiSignWpf\AsciiSignWpf.csproj", "{EAEE93EC-E895-A143-F615-92E5A55099B9}"
EndProject
Global
	GlobalSection(SolutionConfigurationPlatforms) = preSolution
		Debug|Any CPU = Debug|Any CPU
		Debug|x64 = Debug|x64
		Debug|x86 = Debug|x86
		Release|Any CPU = Release|Any CPU
		Release|x64 = Release|x64
		Release|x86 = Release|x86
	EndGlobalSection
	GlobalSection(ProjectConfigurationPlatforms) = postSolution
		{84524AA4-0FEC-4D48-977D-AC0E7B34FE14}.Debug|Any CPU.ActiveCfg = Debug|Any CPU
		{84524AA4-0FEC-4D48-977D-AC0E7B34FE14}.Debug|Any CPU.Build.0 = Debug|Any CPU
		{84524AA4-0FEC-4D48-977D-AC0E7B34FE14}.Debug|x64.ActiveCfg = Debug|Any CPU
		{84524AA4-0FEC-4D48-977D-AC0E7B34FE14}.Debug|x64.Build.0 = Debug|Any CPU
		{84524AA4-0FEC-4D48-977D-AC0E7B34FE14}.Debug|x86.ActiveCfg = Debug|Any CPU
		{84524AA4-0FEC-4D48-977D-AC0E7B34FE14}.Debug|x86.Build.0 = Debug|Any CPU
		{84524AA4-0FEC-4D48-977D-AC0E7B34FE14}.Release|Any CPU.ActiveCfg = Release|Any CPU
		{84524AA4-0FEC-4D48-977D-AC0E7B34FE14}.Release|Any CPU.Build.0 = Release|Any CPU
		{84524AA4-0FEC-4D48-977D-AC0E7B34FE14}.Release|x64.ActiveCfg = Release|Any CPU
		{84524AA4-0FEC-4D48-977D-AC0E7B34FE14}.Release|x64.Build.0 = Release|Any CPU
		{84524AA4-0FEC-4D48-977D-AC0E7B34FE14}.Release|x86.ActiveCfg = Release|Any CPU
		{84524AA4-0FEC-4D48-977D-AC0E7B34FE14}.Release|x86.Build.0 = Release|Any CPU
		{D2D603E0-E16D-B24D-3221-BAAE7B38C408}.Debug|Any CPU.ActiveCfg = Debug|Any CPU
		{D2D603E0-E16D-B24D-3221-BAAE7B38C408}.Debug|Any CPU.Build.0 = Debug|Any CPU
		{D2D603E0-E16D-B24D-3221-BAAE7B38C408}.Debug|x64.ActiveCfg = Debug|Any CPU
		{D2D603E0-E16D-B24D-3221-BAAE7B38C408}.Debug|x64.Build.0 = Debug|Any CPU
		{D2D603E0-E16D-B24D-3221-BAAE7B38C408}.Debug|x86.ActiveCfg = Debug|Any CPU
		{D2D603E0-E16D-B24D-3221-BAAE7B38C408}.Debug|x86.Build.0 = Debug|Any CPU
		{D2D603E0-E16D-B24D-3221-BAAE7B38C408}.Release|Any CPU.ActiveCfg = Release|Any CPU
		{D2D603E0-E16D-B24D-3221-BAAE7B38C408}.Release|Any CPU.Build.0 = Release|Any CPU
		{D2D603E0-E16D-B24D-3221-BAAE7B38C408}.Release|x64.ActiveCfg = Release|Any CPU
		{D2D603E0-E16D-B24D-3221-BAAE7B38C408}.Release|x64.Build.0 = Release|Any CPU
		{D2D603E0-E16D-B24D-3221-BAAE7B38C408}.Release|x86.ActiveCfg = Release|Any CPU
		{D2D603E0-E16D-B24D-3221-BAAE7B38C408}.Release|x86.Build.0 = Release|Any CPU
		{6221FCDC-F97F-706C-57EE-E0E82674BE69}.Debug|Any CPU.ActiveCfg = Debug|Any CPU
		{6221FCDC-F97F-706C-57EE-E0E82674BE69}.Debug|Any CPU.Build.0 = Debug|Any CPU
		{6221FCDC-F97F-706C-57EE-E0E82674BE69}.Debug|x64.ActiveCfg = Debug|Any CPU
		{6221FCDC-F97F-706C-57EE-E0E82674BE69}.Debug|x64.Build.0 = Debug|Any CPU
		{6221FCDC-F97F-706C-57EE-E0E82674BE69}.Debug|x86.ActiveCfg = Debug|Any CPU
		{6221FCDC-F97F-706C-57EE-E0E82674BE69}.Debug|x86.Build.0 = Debug|Any CPU
		{6221FCDC-F97F-706C-57EE-E0E82674BE69}.Release|Any CPU.ActiveCfg = Release|Any CPU
		{6221FCDC-F97F-706C-57EE-E0E82674BE69}.Release|Any CPU.Build.0 = Release|Any CPU
		{6221FCDC-F97F-706C-57EE-E0E82674BE69}.Release|x64.ActiveCfg = Release|Any CPU
		{6221FCDC-F97F-706C-57EE-E0E82674BE69}.Release|x64.Build.0 = Release|Any CPU
		{6221FCDC-F97F-706C-57EE-E0E82674BE69}.Release|x86.ActiveCfg = Release|Any CPU
		{6221FCDC-F97F-706C-57EE-E0E82674BE69}.Release|x86.Build.0 = Release|Any CPU
		{FE48153F-EDDB-2610-018C-AC409A958AF9}.Debug|Any CPU.ActiveCfg = Debug|Any CPU
		{FE48153F-EDDB-2610-018C-AC409A958AF9}.Debug|Any CPU.Build.0 = Debug|Any CPU
		{FE48153F-EDDB-2610-018C-AC409A958AF9}.Debug|x64.ActiveCfg = Debug|Any CPU
		{FE48153F-EDDB-2610-018C-AC409A958AF9}.Debug|x64.Build.0 = Debug|Any CPU
		{FE48153F-EDDB-2610-018C-AC409A958AF9}.Debug|x86.ActiveCfg = Debug|Any CPU
		{FE48153F-EDDB-2610-018C-AC409A958AF9}.Debug|x86.Build.0 = Debug|Any CPU
		{FE48153F-EDDB-2610-018C-AC409A958AF9}.Release|Any CPU.ActiveCfg = Release|Any CPU
		{FE48153F-EDDB-2610-018C-AC409A958AF9}.Release|Any CPU.Build.0 = Release|Any CPU
		{FE48153F-EDDB-2610-018C-AC409A958AF9}.Release|x64.ActiveCfg = Release|Any CPU
		{FE48153F-EDDB-2610-018C-AC409A958AF9}.Release|x64.Build.0 = Release|Any CPU
		{FE48153F-EDDB-2610-018C-AC409A958AF9}.Release|x86.ActiveCfg = Release|Any CPU
		{FE48153F-EDDB-2610-018C-AC409A958AF9}.Release|x86.Build.0 = Release|Any CPU
		{BC91D2EC-564D-027F-E41B-706AD24C0363}.Debug|Any CPU.ActiveCfg = Debug|Any CPU
		{BC91D2EC-564D-027F-E41B-706AD24C0363}.Debug|Any CPU.Build.0 = Debug|Any CPU
		{BC91D2EC-564D-027F-E41B-706AD24C0363}.Debug|x64.ActiveCfg = Debug|Any CPU
		{BC91D2EC-564D-027F-E41B-706AD24C0363}.Debug|x64.Build.0 = Debug|Any CPU
		{BC91D2EC-564D-027F-E41B-706AD24C0363}.Debug|x86.ActiveCfg = Debug|Any CPU
		{BC91D2EC-564D-027F-E41B-706AD24C0363}.Debug|x86.Build.0 = Debug|Any CPU
		{BC91D2EC-564D-027F-E41B-706AD24C0363}.Release|Any CPU.ActiveCfg = Release|Any CPU
		{BC91D2EC-564D-027F-E41B-706AD24C0363}.Release|Any CPU.Build.0 = Release|Any CPU
		{BC91D2EC-564D-027F-E41B-706AD24C0363}.Release|x64.ActiveCfg = Release|Any CPU
		{BC91D2EC-564D-027F-E41B-706AD24C0363}.Release|x64.Build.0 = Release|Any CPU
		{BC91D2EC-564D-027F-E41B-706AD24C0363}.Release|x86.ActiveCfg = Release|Any CPU
		{BC91D2EC-564D-027F-E41B-706AD24C0363}.Release|x86.Build.0 = Release|Any CPU
		{EAEE93EC-E895-A143-F615-92E5A55099B9}.Debug|Any CPU.ActiveCfg = Debug|Any CPU
		{EAEE93EC-E895-A143-F615-92E5A55099B9}.Debug|Any CPU.Build.0 = Debug|Any CPU
		{EAEE93EC-E895-A143-F615-92E5A55099B9}.Debug|x64.ActiveCfg = Debug|Any CPU
		{EAEE93EC-E895-A143-F615-92E5A55099B9}.Debug|x64.Build.0 = Debug|Any CPU
		{EAEE93EC-E895-A143-F615-92E5A55099B9}.Debug|x86.ActiveCfg = Debug|Any CPU
		{EAEE93EC-E895-A143-F615-92E5A55099B9}.Debug|x86.Build.0 = Debug|Any CPU
		{EAEE93EC-E895-A143-F615-92E5A55099B9}.Release|Any CPU.ActiveCfg = Release|Any CPU
		{EAEE93EC-E895-A143-F615-92E5A55099B9}.Release|Any CPU.Build.0 = Release|Any CPU
		{EAEE93EC-E895-A143-F615-92E5A55099B9}.Release|x64.ActiveCfg = Release|Any CPU
		{EAEE93EC-E895-A143-F615-92E5A55099B9}.Release|x64.Build.0 = Release|Any CPU
		{EAEE93EC-E895-A143-F615-92E5A55099B9}.Release|x86.ActiveCfg = Release|Any CPU
		{EAEE93EC-E895-A143-F615-92E5A55099B9}.Release|x86.Build.0 = Release|Any CPU
	EndGlobalSection
	GlobalSection(SolutionProperties) = preSolution
		HideSolutionNode = FALSE
	EndGlobalSection
	GlobalSection(NestedProjects) = preSolution
		{D2D603E0-E16D-B24D-3221-BAAE7B38C408} = {471E38FD-4850-41EE-8CC1-AD9DA3E51DF8}
		{6221FCDC-F97F-706C-57EE-E0E82674BE69} = {471E38FD-4850-41EE-8CC1-AD9DA3E51DF8}
		{FE48153F-EDDB-2610-018C-AC409A958AF9} = {471E38FD-4850-41EE-8CC1-AD9DA3E51DF8}
		{BC91D2EC-564D-027F-E41B-706AD24C0363} = {471E38FD-4850-41EE-8CC1-AD9DA3E51DF8}
		{EAEE93EC-E895-A143-F615-92E5A55099B9} = {471E38FD-4850-41EE-8CC1-AD9DA3E51DF8}
	EndGlobalSection
	GlobalSection(ExtensibilityGlobals) = postSolution
		SolutionGuid = {8104AAB3-90EE-4F4D-84BE-8F3AF0B2602F}
	EndGlobalSection
EndGlobal
